PODS:
  - Alamofire (4.2.0)
  - SwiftyJSON (3.1.3)

DEPENDENCIES:
  - Alamofire (~> 4.2)
  - SwiftyJSON (from `https://github.com/SwiftyJSON/SwiftyJSON.git`)

EXTERNAL SOURCES:
  SwiftyJSON:
    :git: https://github.com/SwiftyJSON/SwiftyJSON.git

CHECKOUT OPTIONS:
  SwiftyJSON:
    :commit: c2024dce53377fbc04015597c5f7e9bd29249854
    :git: https://github.com/SwiftyJSON/SwiftyJSON.git

SPEC CHECKSUMS:
  Alamofire: aa2e09d871c9160ac53c90e83c68064a94e3dfbe
  SwiftyJSON: b37a26c0a27587f13e8f223e0280e69c3be5d1d4

PODFILE CHECKSUM: 90b641e8505578c8bb6bf5d61de0f2a06c80a986

COCOAPODS: 1.1.1
