// !$*UTF8*$!
{
	archiveVersion = 1;
	classes = {
	};
	objectVersion = 46;
	objects = {

/* Begin PBXBuildFile section */
		E74383A31C7B6B9300FBA586 /* RESTConnector.swift in Sources */ = {isa = PBXBuildFile; fileRef = E74383A21C7B6B9300FBA586 /* RESTConnector.swift */; };
		E7626CE81CAE960C008873CC /* LICENSE in Resources */ = {isa = PBXBuildFile; fileRef = E7626CE61CAE960C008873CC /* LICENSE */; };
		E7626CE91CAE960C008873CC /* README.md in Sources */ = {isa = PBXBuildFile; fileRef = E7626CE71CAE960C008873CC /* README.md */; };
		E79AE9781C7B43F20075F89E /* AppDelegate.swift in Sources */ = {isa = PBXBuildFile; fileRef = E79AE9771C7B43F20075F89E /* AppDelegate.swift */; };
		E79AE97D1C7B43F20075F89E /* Main.storyboard in Resources */ = {isa = PBXBuildFile; fileRef = E79AE97B1C7B43F20075F89E /* Main.storyboard */; };
		E79AE98D1C7B45A60075F89E /* Images.xcassets in Resources */ = {isa = PBXBuildFile; fileRef = E79AE98C1C7B45A60075F89E /* Images.xcassets */; };
		E79AE98F1C7B4A010075F89E /* LoginViewController.swift in Sources */ = {isa = PBXBuildFile; fileRef = E79AE98E1C7B4A010075F89E /* LoginViewController.swift */; };
		E7C9D40D1CAE97D500F46A91 /* .gitignore in Resources */ = {isa = PBXBuildFile; fileRef = E7C9D40C1CAE97D500F46A91 /* .gitignore */; };
		E7EAE1441C7C4FA000684A90 /* PdfViewerController.swift in Sources */ = {isa = PBXBuildFile; fileRef = E7EAE1431C7C4FA000684A90 /* PdfViewerController.swift */; };
		E7EAE1461C7C501E00684A90 /* example.pdf in Resources */ = {isa = PBXBuildFile; fileRef = E7EAE1451C7C501E00684A90 /* example.pdf */; };
		E7EAE14A1C7C69D500684A90 /* CompositionsViewController.swift in Sources */ = {isa = PBXBuildFile; fileRef = E7EAE1491C7C69D500684A90 /* CompositionsViewController.swift */; };
		FD2E5C63596FECFCD29CB2A6 /* Pods_LargePrintMusicNotesViewer.framework in Frameworks */ = {isa = PBXBuildFile; fileRef = 3F948767976774761319E72B /* Pods_LargePrintMusicNotesViewer.framework */; };
/* End PBXBuildFile section */

/* Begin PBXFileReference section */
		3DC45E7011D945EE8E14225A /* Pods-LargePrintMusicNotesViewer.debug.xcconfig */ = {isa = PBXFileReference; includeInIndex = 1; lastKnownFileType = text.xcconfig; name = "Pods-LargePrintMusicNotesViewer.debug.xcconfig"; path = "Pods/Target Support Files/Pods-LargePrintMusicNotesViewer/Pods-LargePrintMusicNotesViewer.debug.xcconfig"; sourceTree = "<group>"; };
		3F948767976774761319E72B /* Pods_LargePrintMusicNotesViewer.framework */ = {isa = PBXFileReference; explicitFileType = wrapper.framework; includeInIndex = 0; path = Pods_LargePrintMusicNotesViewer.framework; sourceTree = BUILT_PRODUCTS_DIR; };
		79E8449B461196E8277D1FCD /* Pods-LargePrintMusicNotesViewer.release.xcconfig */ = {isa = PBXFileReference; includeInIndex = 1; lastKnownFileType = text.xcconfig; name = "Pods-LargePrintMusicNotesViewer.release.xcconfig"; path = "Pods/Target Support Files/Pods-LargePrintMusicNotesViewer/Pods-LargePrintMusicNotesViewer.release.xcconfig"; sourceTree = "<group>"; };
		E74383A21C7B6B9300FBA586 /* RESTConnector.swift */ = {isa = PBXFileReference; fileEncoding = 4; lastKnownFileType = sourcecode.swift; path = RESTConnector.swift; sourceTree = "<group>"; };
		E7626CE61CAE960C008873CC /* LICENSE */ = {isa = PBXFileReference; fileEncoding = 4; lastKnownFileType = text; path = LICENSE; sourceTree = "<group>"; };
		E7626CE71CAE960C008873CC /* README.md */ = {isa = PBXFileReference; fileEncoding = 4; lastKnownFileType = net.daringfireball.markdown; path = README.md; sourceTree = "<group>"; };
		E79AE9741C7B43F20075F89E /* LargePrintMusicNotesViewer.app */ = {isa = PBXFileReference; explicitFileType = wrapper.application; includeInIndex = 0; path = LargePrintMusicNotesViewer.app; sourceTree = BUILT_PRODUCTS_DIR; };
		E79AE9771C7B43F20075F89E /* AppDelegate.swift */ = {isa = PBXFileReference; lastKnownFileType = sourcecode.swift; path = AppDelegate.swift; sourceTree = "<group>"; };
		E79AE97C1C7B43F20075F89E /* Base */ = {isa = PBXFileReference; lastKnownFileType = file.storyboard; name = Base; path = Base.lproj/Main.storyboard; sourceTree = "<group>"; };
		E79AE9861C7B43F20075F89E /* Info.plist */ = {isa = PBXFileReference; lastKnownFileType = text.plist.xml; path = Info.plist; sourceTree = "<group>"; };
		E79AE98C1C7B45A60075F89E /* Images.xcassets */ = {isa = PBXFileReference; lastKnownFileType = folder.assetcatalog; path = Images.xcassets; sourceTree = "<group>"; };
		E79AE98E1C7B4A010075F89E /* LoginViewController.swift */ = {isa = PBXFileReference; fileEncoding = 4; lastKnownFileType = sourcecode.swift; path = LoginViewController.swift; sourceTree = "<group>"; };
		E7C9D40C1CAE97D500F46A91 /* .gitignore */ = {isa = PBXFileReference; fileEncoding = 4; lastKnownFileType = text; path = .gitignore; sourceTree = "<group>"; };
		E7EAE1431C7C4FA000684A90 /* PdfViewerController.swift */ = {isa = PBXFileReference; fileEncoding = 4; lastKnownFileType = sourcecode.swift; path = PdfViewerController.swift; sourceTree = "<group>"; };
		E7EAE1451C7C501E00684A90 /* example.pdf */ = {isa = PBXFileReference; lastKnownFileType = image.pdf; path = example.pdf; sourceTree = "<group>"; };
		E7EAE1491C7C69D500684A90 /* CompositionsViewController.swift */ = {isa = PBXFileReference; fileEncoding = 4; lastKnownFileType = sourcecode.swift; path = CompositionsViewController.swift; sourceTree = "<group>"; };
/* End PBXFileReference section */

/* Begin PBXFrameworksBuildPhase section */
		E79AE9711C7B43F20075F89E /* Frameworks */ = {
			isa = PBXFrameworksBuildPhase;
			buildActionMask = 2147483647;
			files = (
				FD2E5C63596FECFCD29CB2A6 /* Pods_LargePrintMusicNotesViewer.framework in Frameworks */,
			);
			runOnlyForDeploymentPostprocessing = 0;
		};
/* End PBXFrameworksBuildPhase section */

/* Begin PBXGroup section */
		358B413EF4B0BB963C678190 /* Pods */ = {
			isa = PBXGroup;
			children = (
				3DC45E7011D945EE8E14225A /* Pods-LargePrintMusicNotesViewer.debug.xcconfig */,
				79E8449B461196E8277D1FCD /* Pods-LargePrintMusicNotesViewer.release.xcconfig */,
			);
			name = Pods;
			sourceTree = "<group>";
		};
		7CEF0236389D8AB020F75606 /* Frameworks */ = {
			isa = PBXGroup;
			children = (
				3F948767976774761319E72B /* Pods_LargePrintMusicNotesViewer.framework */,
			);
			name = Frameworks;
			sourceTree = "<group>";
		};
		E79AE96B1C7B43F20075F89E = {
			isa = PBXGroup;
			children = (
				E7C9D40C1CAE97D500F46A91 /* .gitignore */,
				E7626CE61CAE960C008873CC /* LICENSE */,
				E7626CE71CAE960C008873CC /* README.md */,
				E79AE9761C7B43F20075F89E /* LargePrintMusicNotesViewer */,
				E79AE9751C7B43F20075F89E /* Products */,
				358B413EF4B0BB963C678190 /* Pods */,
				7CEF0236389D8AB020F75606 /* Frameworks */,
			);
			sourceTree = "<group>";
		};
		E79AE9751C7B43F20075F89E /* Products */ = {
			isa = PBXGroup;
			children = (
				E79AE9741C7B43F20075F89E /* LargePrintMusicNotesViewer.app */,
			);
			name = Products;
			sourceTree = "<group>";
		};
		E79AE9761C7B43F20075F89E /* LargePrintMusicNotesViewer */ = {
			isa = PBXGroup;
			children = (
				E7EAE1451C7C501E00684A90 /* example.pdf */,
				E79AE98C1C7B45A60075F89E /* Images.xcassets */,
				E79AE9771C7B43F20075F89E /* AppDelegate.swift */,
				E79AE97B1C7B43F20075F89E /* Main.storyboard */,
				E79AE9861C7B43F20075F89E /* Info.plist */,
				E79AE98E1C7B4A010075F89E /* LoginViewController.swift */,
				E74383A21C7B6B9300FBA586 /* RESTConnector.swift */,
				E7EAE1431C7C4FA000684A90 /* PdfViewerController.swift */,
				E7EAE1491C7C69D500684A90 /* CompositionsViewController.swift */,
			);
			path = LargePrintMusicNotesViewer;
			sourceTree = "<group>";
		};
/* End PBXGroup section */

/* Begin PBXNativeTarget section */
		E79AE9731C7B43F20075F89E /* LargePrintMusicNotesViewer */ = {
			isa = PBXNativeTarget;
			buildConfigurationList = E79AE9891C7B43F20075F89E /* Build configuration list for PBXNativeTarget "LargePrintMusicNotesViewer" */;
			buildPhases = (
				95889B8259A76A84189E2CAA /* Check Pods Manifest.lock */,
				E79AE9701C7B43F20075F89E /* Sources */,
				E79AE9711C7B43F20075F89E /* Frameworks */,
				E79AE9721C7B43F20075F89E /* Resources */,
				2EF29362CB6DB69E7F122982 /* Embed Pods Frameworks */,
				AAA6E1C7853B2049717D3ED2 /* Copy Pods Resources */,
			);
			buildRules = (
			);
			dependencies = (
			);
			name = LargePrintMusicNotesViewer;
			productName = LargePrintMusicNotesViewer;
			productReference = E79AE9741C7B43F20075F89E /* LargePrintMusicNotesViewer.app */;
			productType = "com.apple.product-type.application";
		};
/* End PBXNativeTarget section */

/* Begin PBXProject section */
		E79AE96C1C7B43F20075F89E /* Project object */ = {
			isa = PBXProject;
			attributes = {
				LastSwiftUpdateCheck = 0720;
				LastUpgradeCheck = 0720;
				ORGANIZATIONNAME = "Lars Voigt";
				TargetAttributes = {
					E79AE9731C7B43F20075F89E = {
						CreatedOnToolsVersion = 7.2.1;
						DevelopmentTeam = KY8GT8472C;
					};
				};
			};
			buildConfigurationList = E79AE96F1C7B43F20075F89E /* Build configuration list for PBXProject "LargePrintMusicNotesViewer" */;
			compatibilityVersion = "Xcode 3.2";
			developmentRegion = English;
			hasScannedForEncodings = 0;
			knownRegions = (
				en,
				Base,
			);
			mainGroup = E79AE96B1C7B43F20075F89E;
			productRefGroup = E79AE9751C7B43F20075F89E /* Products */;
			projectDirPath = "";
			projectRoot = "";
			targets = (
				E79AE9731C7B43F20075F89E /* LargePrintMusicNotesViewer */,
			);
		};
/* End PBXProject section */

/* Begin PBXResourcesBuildPhase section */
		E79AE9721C7B43F20075F89E /* Resources */ = {
			isa = PBXResourcesBuildPhase;
			buildActionMask = 2147483647;
			files = (
				E7C9D40D1CAE97D500F46A91 /* .gitignore in Resources */,
				E79AE98D1C7B45A60075F89E /* Images.xcassets in Resources */,
				E79AE97D1C7B43F20075F89E /* Main.storyboard in Resources */,
				E7626CE81CAE960C008873CC /* LICENSE in Resources */,
				E7EAE1461C7C501E00684A90 /* example.pdf in Resources */,
			);
			runOnlyForDeploymentPostprocessing = 0;
		};
/* End PBXResourcesBuildPhase section */

/* Begin PBXShellScriptBuildPhase section */
		2EF29362CB6DB69E7F122982 /* Embed Pods Frameworks */ = {
			isa = PBXShellScriptBuildPhase;
			buildActionMask = 2147483647;
			files = (
			);
			inputPaths = (
			);
			name = "Embed Pods Frameworks";
			outputPaths = (
			);
			runOnlyForDeploymentPostprocessing = 0;
			shellPath = /bin/sh;
			shellScript = "\"${SRCROOT}/Pods/Target Support Files/Pods-LargePrintMusicNotesViewer/Pods-LargePrintMusicNotesViewer-frameworks.sh\"\n";
			showEnvVarsInLog = 0;
		};
		95889B8259A76A84189E2CAA /* Check Pods Manifest.lock */ = {
			isa = PBXShellScriptBuildPhase;
			buildActionMask = 2147483647;
			files = (
			);
			inputPaths = (
			);
			name = "Check Pods Manifest.lock";
			outputPaths = (
			);
			runOnlyForDeploymentPostprocessing = 0;
			shellPath = /bin/sh;
			shellScript = "diff \"${PODS_ROOT}/../Podfile.lock\" \"${PODS_ROOT}/Manifest.lock\" > /dev/null\nif [[ $? != 0 ]] ; then\n    cat << EOM\nerror: The sandbox is not in sync with the Podfile.lock. Run 'pod install' or update your CocoaPods installation.\nEOM\n    exit 1\nfi\n";
			showEnvVarsInLog = 0;
		};
		AAA6E1C7853B2049717D3ED2 /* Copy Pods Resources */ = {
			isa = PBXShellScriptBuildPhase;
			buildActionMask = 2147483647;
			files = (
			);
			inputPaths = (
			);
			name = "Copy Pods Resources";
			outputPaths = (
			);
			runOnlyForDeploymentPostprocessing = 0;
			shellPath = /bin/sh;
			shellScript = "\"${SRCROOT}/Pods/Target Support Files/Pods-LargePrintMusicNotesViewer/Pods-LargePrintMusicNotesViewer-resources.sh\"\n";
			showEnvVarsInLog = 0;
		};
/* End PBXShellScriptBuildPhase section */

/* Begin PBXSourcesBuildPhase section */
		E79AE9701C7B43F20075F89E /* Sources */ = {
			isa = PBXSourcesBuildPhase;
			buildActionMask = 2147483647;
			files = (
				E7626CE91CAE960C008873CC /* README.md in Sources */,
				E7EAE14A1C7C69D500684A90 /* CompositionsViewController.swift in Sources */,
				E79AE98F1C7B4A010075F89E /* LoginViewController.swift in Sources */,
				E74383A31C7B6B9300FBA586 /* RESTConnector.swift in Sources */,
				E7EAE1441C7C4FA000684A90 /* PdfViewerController.swift in Sources */,
				E79AE9781C7B43F20075F89E /* AppDelegate.swift in Sources */,
			);
			runOnlyForDeploymentPostprocessing = 0;
		};
/* End PBXSourcesBuildPhase section */

/* Begin PBXVariantGroup section */
		E79AE97B1C7B43F20075F89E /* Main.storyboard */ = {
			isa = PBXVariantGroup;
			children = (
				E79AE97C1C7B43F20075F89E /* Base */,
			);
			name = Main.storyboard;
			sourceTree = "<group>";
		};
/* End PBXVariantGroup section */

/* Begin XCBuildConfiguration section */
		E79AE9871C7B43F20075F89E /* Debug */ = {
			isa = XCBuildConfiguration;
			buildSettings = {
				ALWAYS_SEARCH_USER_PATHS = NO;
				CLANG_CXX_LANGUAGE_STANDARD = "gnu++0x";
				CLANG_CXX_LIBRARY = "libc++";
				CLANG_ENABLE_MODULES = YES;
				CLANG_ENABLE_OBJC_ARC = YES;
				CLANG_WARN_BOOL_CONVERSION = YES;
				CLANG_WARN_CONSTANT_CONVERSION = YES;
				CLANG_WARN_DIRECT_OBJC_ISA_USAGE = YES_ERROR;
				CLANG_WARN_EMPTY_BODY = YES;
				CLANG_WARN_ENUM_CONVERSION = YES;
				CLANG_WARN_INT_CONVERSION = YES;
				CLANG_WARN_OBJC_ROOT_CLASS = YES_ERROR;
				CLANG_WARN_UNREACHABLE_CODE = YES;
				CLANG_WARN__DUPLICATE_METHOD_MATCH = YES;
				"CODE_SIGN_IDENTITY[sdk=iphoneos*]" = "iPhone Developer";
				COPY_PHASE_STRIP = NO;
				DEBUG_INFORMATION_FORMAT = dwarf;
				ENABLE_STRICT_OBJC_MSGSEND = YES;
				ENABLE_TESTABILITY = YES;
				GCC_C_LANGUAGE_STANDARD = gnu99;
				GCC_DYNAMIC_NO_PIC = NO;
				GCC_NO_COMMON_BLOCKS = YES;
				GCC_OPTIMIZATION_LEVEL = 0;
				GCC_PREPROCESSOR_DEFINITIONS = (
					"DEBUG=1",
					"$(inherited)",
				);
				GCC_WARN_64_TO_32_BIT_CONVERSION = YES;
				GCC_WARN_ABOUT_RETURN_TYPE = YES_ERROR;
				GCC_WARN_UNDECLARED_SELECTOR = YES;
				GCC_WARN_UNINITIALIZED_AUTOS = YES_AGGRESSIVE;
				GCC_WARN_UNUSED_FUNCTION = YES;
				GCC_WARN_UNUSED_VARIABLE = YES;
				IPHONEOS_DEPLOYMENT_TARGET = 9.2;
				MTL_ENABLE_DEBUG_INFO = YES;
				ONLY_ACTIVE_ARCH = YES;
				SDKROOT = iphoneos;
				SWIFT_OPTIMIZATION_LEVEL = "-Onone";
				TARGETED_DEVICE_FAMILY = "1,2";
			};
			name = Debug;
		};
		E79AE9881C7B43F20075F89E /* Release */ = {
			isa = XCBuildConfiguration;
			buildSettings = {
				ALWAYS_SEARCH_USER_PATHS = NO;
				CLANG_CXX_LANGUAGE_STANDARD = "gnu++0x";
				CLANG_CXX_LIBRARY = "libc++";
				CLANG_ENABLE_MODULES = YES;
				CLANG_ENABLE_OBJC_ARC = YES;
				CLANG_WARN_BOOL_CONVERSION = YES;
				CLANG_WARN_CONSTANT_CONVERSION = YES;
				CLANG_WARN_DIRECT_OBJC_ISA_USAGE = YES_ERROR;
				CLANG_WARN_EMPTY_BODY = YES;
				CLANG_WARN_ENUM_CONVERSION = YES;
				CLANG_WARN_INT_CONVERSION = YES;
				CLANG_WARN_OBJC_ROOT_CLASS = YES_ERROR;
				CLANG_WARN_UNREACHABLE_CODE = YES;
				CLANG_WARN__DUPLICATE_METHOD_MATCH = YES;
				"CODE_SIGN_IDENTITY[sdk=iphoneos*]" = "iPhone Developer";
				COPY_PHASE_STRIP = NO;
				DEBUG_INFORMATION_FORMAT = "dwarf-with-dsym";
				ENABLE_NS_ASSERTIONS = NO;
				ENABLE_STRICT_OBJC_MSGSEND = YES;
				GCC_C_LANGUAGE_STANDARD = gnu99;
				GCC_NO_COMMON_BLOCKS = YES;
				GCC_WARN_64_TO_32_BIT_CONVERSION = YES;
				GCC_WARN_ABOUT_RETURN_TYPE = YES_ERROR;
				GCC_WARN_UNDECLARED_SELECTOR = YES;
				GCC_WARN_UNINITIALIZED_AUTOS = YES_AGGRESSIVE;
				GCC_WARN_UNUSED_FUNCTION = YES;
				GCC_WARN_UNUSED_VARIABLE = YES;
				IPHONEOS_DEPLOYMENT_TARGET = 9.2;
				MTL_ENABLE_DEBUG_INFO = NO;
				SDKROOT = iphoneos;
				TARGETED_DEVICE_FAMILY = "1,2";
				VALIDATE_PRODUCT = YES;
			};
			name = Release;
		};
		E79AE98A1C7B43F20075F89E /* Debug */ = {
			isa = XCBuildConfiguration;
			baseConfigurationReference = 3DC45E7011D945EE8E14225A /* Pods-LargePrintMusicNotesViewer.debug.xcconfig */;
			buildSettings = {
				ASSETCATALOG_COMPILER_APPICON_NAME = AppIcon;
				INFOPLIST_FILE = LargePrintMusicNotesViewer/Info.plist;
				LD_RUNPATH_SEARCH_PATHS = "$(inherited) @executable_path/Frameworks";
				PRODUCT_BUNDLE_IDENTIFIER = de.lv.LargePrintMusicNotesViewer;
				PRODUCT_NAME = "$(TARGET_NAME)";
				TARGETED_DEVICE_FAMILY = 2;
			};
			name = Debug;
		};
		E79AE98B1C7B43F20075F89E /* Release */ = {
			isa = XCBuildConfiguration;
			baseConfigurationReference = 79E8449B461196E8277D1FCD /* Pods-LargePrintMusicNotesViewer.release.xcconfig */;
			buildSettings = {
				ASSETCATALOG_COMPILER_APPICON_NAME = AppIcon;
				INFOPLIST_FILE = LargePrintMusicNotesViewer/Info.plist;
				LD_RUNPATH_SEARCH_PATHS = "$(inherited) @executable_path/Frameworks";
				PRODUCT_BUNDLE_IDENTIFIER = de.lv.LargePrintMusicNotesViewer;
				PRODUCT_NAME = "$(TARGET_NAME)";
				TARGETED_DEVICE_FAMILY = 2;
			};
			name = Release;
		};
/* End XCBuildConfiguration section */

/* Begin XCConfigurationList section */
		E79AE96F1C7B43F20075F89E /* Build configuration list for PBXProject "LargePrintMusicNotesViewer" */ = {
			isa = XCConfigurationList;
			buildConfigurations = (
				E79AE9871C7B43F20075F89E /* Debug */,
				E79AE9881C7B43F20075F89E /* Release */,
			);
			defaultConfigurationIsVisible = 0;
			defaultConfigurationName = Release;
		};
		E79AE9891C7B43F20075F89E /* Build configuration list for PBXNativeTarget "LargePrintMusicNotesViewer" */ = {
			isa = XCConfigurationList;
			buildConfigurations = (
				E79AE98A1C7B43F20075F89E /* Debug */,
				E79AE98B1C7B43F20075F89E /* Release */,
			);
			defaultConfigurationIsVisible = 0;
			defaultConfigurationName = Release;
		};
/* End XCConfigurationList section */
	};
	rootObject = E79AE96C1C7B43F20075F89E /* Project object */;
}
